# This file was autogenerated by Stack.
# You should not edit this file by hand.
# For more information, please see the documentation at:
#   https://docs.haskellstack.org/en/stable/lock_files

packages:
- completed:
    hackage: hspec-2.11.7@sha256:2869580a2a29e7beb6268ea3dc561583f4ae229ed1f47fb1c92e8c09ce35acec,1763
    pantry-tree:
      sha256: f241a7710ebee50583f9aebff61aaf4d36619ba7d6538b39b80ee4695c70552e
      size: 584
  original:
    hackage: hspec-2.11.7
- completed:
    hackage: hspec-core-2.11.7@sha256:f54070f14418ebdde3af73f22057a24f6b687c01ec207a60a996ad9ac83ca8ae,6846
    pantry-tree:
      sha256: 6aac99bd8df79c2c25fb0a87777c3ba013ec1f69952d9e967a572cf05b35b44f
      size: 6231
  original:
    hackage: hspec-core-2.11.7@sha256:f54070f14418ebdde3af73f22057a24f6b687c01ec207a60a996ad9ac83ca8ae,6846
- completed:
    hackage: hspec-discover-2.11.7@sha256:6307eb16d308258a99a242025df50217d835ba0a3f205b1202a100a175877b38,2169
    pantry-tree:
      sha256: 141b4987d519ad1ca1114737f510f20adc2456bf44c040f41a63792f47d009eb
      size: 829
  original:
    hackage: hspec-discover-2.11.7@sha256:6307eb16d308258a99a242025df50217d835ba0a3f205b1202a100a175877b38,2169
snapshots:
- completed:
    sha256: 28a863b358647f2d952fe7085ba11561aeb63eca6bc6fd1ce8fcf1cfe63717f5
    size: 719127
    url: https://raw.githubusercontent.com/commercialhaskell/stackage-snapshots/master/lts/22/24.yaml
  original: lts-22.24
